<Solution>
  <Folder Name="/src/">
    <Project Path="src/WatchList.Application/WatchList.Application.csproj" />
    <Project Path="src/WatchList.Domain/WatchList.Domain.csproj" />
    <Project Path="src/WatchList.Presentation/WatchList.Presentation.csproj" />
    <Project Path="src/WatchList.Shared/WatchList.Shared.csproj" />
  </Folder>
  <Folder Name="/tests/">
    <Project Path="tests/WatchList.Application.Tests/WatchList.Application.Tests.csproj" />
    <Project Path="tests/WatchList.Domain.Tests/WatchList.Domain.Tests.csproj" />
    <Project Path="tests/WatchList.Shared.Tests/WatchList.Shared.Tests.csproj" />
  </Folder>
</Solution>
